
Microsoft Visual Studio Solution File, Format Version 12.00
# Visual Studio Version 16
VisualStudioVersion = 16.0.31321.278
MinimumVisualStudioVersion = 10.0.40219.1
Project("{9A19103F-16F7-4668-BE54-9A1E7A4F7556}") = "API", "API\API.csproj", "{293002CB-C8E5-412B-873F-1E1C48FF8B03}"
EndProject
Project("{9A19103F-16F7-4668-BE54-9A1E7A4F7556}") = "Common", "Common\Common.csproj", "{C37099A3-0896-4D4D-8A5B-56FB6192D571}"
EndProject
Project("{9A19103F-16F7-4668-BE54-9A1E7A4F7556}") = "Models", "Models\Models.csproj", "{C4D64482-A8A2-4C52-ADD5-CA6888BF7157}"
EndProject
Project("{2150E333-8FDC-42A3-9474-1A3956D46DE8}") = "DAL", "DAL", "{E11BB39B-F528-4D04-89E2-22762571BAD0}"
EndProject
Project("{2150E333-8FDC-42A3-9474-1A3956D46DE8}") = "BLL", "BLL", "{5069F381-A46C-4F15-ABC8-D134314F4854}"
EndProject
Project("{9A19103F-16F7-4668-BE54-9A1E7A4F7556}") = "IDAL", "IDAL\IDAL.csproj", "{5E82CBF6-80EC-4B1E-9B1F-A62B3455AADE}"
EndProject
Project("{9A19103F-16F7-4668-BE54-9A1E7A4F7556}") = "DAL", "DAL\DAL.csproj", "{D364A4E4-7081-43A0-B658-ABEA56EAB91B}"
EndProject
Project("{FAE04EC0-301F-11D3-BF4B-00C04F79EFBC}") = "IBLL", "IBLL\IBLL.csproj", "{038EFA37-AEBD-4A07-88A2-3F19E69204BD}"
EndProject
Project("{FAE04EC0-301F-11D3-BF4B-00C04F79EFBC}") = "BLL", "BLL\BLL.csproj", "{616CC772-CED8-4FD5-B18F-75854A23A1AA}"
EndProject
Global
	GlobalSection(SolutionConfigurationPlatforms) = preSolution
		Debug|Any CPU = Debug|Any CPU
		Release|Any CPU = Release|Any CPU
	EndGlobalSection
	GlobalSection(ProjectConfigurationPlatforms) = postSolution
		{293002CB-C8E5-412B-873F-1E1C48FF8B03}.Debug|Any CPU.ActiveCfg = Debug|Any CPU
		{293002CB-C8E5-412B-873F-1E1C48FF8B03}.Debug|Any CPU.Build.0 = Debug|Any CPU
		{293002CB-C8E5-412B-873F-1E1C48FF8B03}.Release|Any CPU.ActiveCfg = Release|Any CPU
		{293002CB-C8E5-412B-873F-1E1C48FF8B03}.Release|Any CPU.Build.0 = Release|Any CPU
		{C37099A3-0896-4D4D-8A5B-56FB6192D571}.Debug|Any CPU.ActiveCfg = Debug|Any CPU
		{C37099A3-0896-4D4D-8A5B-56FB6192D571}.Debug|Any CPU.Build.0 = Debug|Any CPU
		{C37099A3-0896-4D4D-8A5B-56FB6192D571}.Release|Any CPU.ActiveCfg = Release|Any CPU
		{C37099A3-0896-4D4D-8A5B-56FB6192D571}.Release|Any CPU.Build.0 = Release|Any CPU
		{C4D64482-A8A2-4C52-ADD5-CA6888BF7157}.Debug|Any CPU.ActiveCfg = Debug|Any CPU
		{C4D64482-A8A2-4C52-ADD5-CA6888BF7157}.Debug|Any CPU.Build.0 = Debug|Any CPU
		{C4D64482-A8A2-4C52-ADD5-CA6888BF7157}.Release|Any CPU.ActiveCfg = Release|Any CPU
		{C4D64482-A8A2-4C52-ADD5-CA6888BF7157}.Release|Any CPU.Build.0 = Release|Any CPU
		{5E82CBF6-80EC-4B1E-9B1F-A62B3455AADE}.Debug|Any CPU.ActiveCfg = Debug|Any CPU
		{5E82CBF6-80EC-4B1E-9B1F-A62B3455AADE}.Debug|Any CPU.Build.0 = Debug|Any CPU
		{5E82CBF6-80EC-4B1E-9B1F-A62B3455AADE}.Release|Any CPU.ActiveCfg = Release|Any CPU
		{5E82CBF6-80EC-4B1E-9B1F-A62B3455AADE}.Release|Any CPU.Build.0 = Release|Any CPU
		{D364A4E4-7081-43A0-B658-ABEA56EAB91B}.Debug|Any CPU.ActiveCfg = Debug|Any CPU
		{D364A4E4-7081-43A0-B658-ABEA56EAB91B}.Debug|Any CPU.Build.0 = Debug|Any CPU
		{D364A4E4-7081-43A0-B658-ABEA56EAB91B}.Release|Any CPU.ActiveCfg = Release|Any CPU
		{D364A4E4-7081-43A0-B658-ABEA56EAB91B}.Release|Any CPU.Build.0 = Release|Any CPU
		{038EFA37-AEBD-4A07-88A2-3F19E69204BD}.Debug|Any CPU.ActiveCfg = Debug|Any CPU
		{038EFA37-AEBD-4A07-88A2-3F19E69204BD}.Debug|Any CPU.Build.0 = Debug|Any CPU
		{038EFA37-AEBD-4A07-88A2-3F19E69204BD}.Release|Any CPU.ActiveCfg = Release|Any CPU
		{038EFA37-AEBD-4A07-88A2-3F19E69204BD}.Release|Any CPU.Build.0 = Release|Any CPU
		{616CC772-CED8-4FD5-B18F-75854A23A1AA}.Debug|Any CPU.ActiveCfg = Debug|Any CPU
		{616CC772-CED8-4FD5-B18F-75854A23A1AA}.Debug|Any CPU.Build.0 = Debug|Any CPU
		{616CC772-CED8-4FD5-B18F-75854A23A1AA}.Release|Any CPU.ActiveCfg = Release|Any CPU
		{616CC772-CED8-4FD5-B18F-75854A23A1AA}.Release|Any CPU.Build.0 = Release|Any CPU
	EndGlobalSection
	GlobalSection(SolutionProperties) = preSolution
		HideSolutionNode = FALSE
	EndGlobalSection
	GlobalSection(NestedProjects) = preSolution
		{5E82CBF6-80EC-4B1E-9B1F-A62B3455AADE} = {E11BB39B-F528-4D04-89E2-22762571BAD0}
		{D364A4E4-7081-43A0-B658-ABEA56EAB91B} = {E11BB39B-F528-4D04-89E2-22762571BAD0}
		{038EFA37-AEBD-4A07-88A2-3F19E69204BD} = {5069F381-A46C-4F15-ABC8-D134314F4854}
		{616CC772-CED8-4FD5-B18F-75854A23A1AA} = {5069F381-A46C-4F15-ABC8-D134314F4854}
	EndGlobalSection
	GlobalSection(ExtensibilityGlobals) = postSolution
		SolutionGuid = {1E234EC2-0376-4CC2-85B1-869E8EEEA5F9}
	EndGlobalSection
EndGlobal
